
Microsoft Visual Studio Solution File, Format Version 12.00
# Visual Studio Version 16
VisualStudioVersion = 16.0.30309.148
MinimumVisualStudioVersion = 10.0.40219.1
Project("{FAE04EC0-301F-11D3-BF4B-00C04F79EFBC}") = "first.Android", "first\first.Android\first.Android.csproj", "{EBE7F2DC-ABBE-45E7-8D99-B646821DEAB6}"
EndProject
Project("{FAE04EC0-301F-11D3-BF4B-00C04F79EFBC}") = "first.iOS", "first\first.iOS\first.iOS.csproj", "{65DB3E40-D0B0-4680-B8DB-35C1637F8F68}"
EndProject
Project("{FAE04EC0-301F-11D3-BF4B-00C04F79EFBC}") = "first", "first\first\first.csproj", "{04572359-EF6A-48E3-96E8-B8C57EFA0A22}"
EndProject
Global
	GlobalSection(SolutionConfigurationPlatforms) = preSolution
		Debug|Any CPU = Debug|Any CPU
		Debug|iPhone = Debug|iPhone
		Debug|iPhoneSimulator = Debug|iPhoneSimulator
		Release|Any CPU = Release|Any CPU
		Release|iPhone = Release|iPhone
		Release|iPhoneSimulator = Release|iPhoneSimulator
	EndGlobalSection
	GlobalSection(ProjectConfigurationPlatforms) = postSolution
		{EBE7F2DC-ABBE-45E7-8D99-B646821DEAB6}.Debug|Any CPU.ActiveCfg = Debug|Any CPU
		{EBE7F2DC-ABBE-45E7-8D99-B646821DEAB6}.Debug|Any CPU.Build.0 = Debug|Any CPU
		{EBE7F2DC-ABBE-45E7-8D99-B646821DEAB6}.Debug|Any CPU.Deploy.0 = Debug|Any CPU
		{EBE7F2DC-ABBE-45E7-8D99-B646821DEAB6}.Debug|iPhone.ActiveCfg = Debug|Any CPU
		{EBE7F2DC-ABBE-45E7-8D99-B646821DEAB6}.Debug|iPhone.Build.0 = Debug|Any CPU
		{EBE7F2DC-ABBE-45E7-8D99-B646821DEAB6}.Debug|iPhone.Deploy.0 = Debug|Any CPU
		{EBE7F2DC-ABBE-45E7-8D99-B646821DEAB6}.Debug|iPhoneSimulator.ActiveCfg = Debug|Any CPU
		{EBE7F2DC-ABBE-45E7-8D99-B646821DEAB6}.Debug|iPhoneSimulator.Build.0 = Debug|Any CPU
		{EBE7F2DC-ABBE-45E7-8D99-B646821DEAB6}.Debug|iPhoneSimulator.Deploy.0 = Debug|Any CPU
		{EBE7F2DC-ABBE-45E7-8D99-B646821DEAB6}.Release|Any CPU.ActiveCfg = Release|Any CPU
		{EBE7F2DC-ABBE-45E7-8D99-B646821DEAB6}.Release|Any CPU.Build.0 = Release|Any CPU
		{EBE7F2DC-ABBE-45E7-8D99-B646821DEAB6}.Release|Any CPU.Deploy.0 = Release|Any CPU
		{EBE7F2DC-ABBE-45E7-8D99-B646821DEAB6}.Release|iPhone.ActiveCfg = Release|Any CPU
		{EBE7F2DC-ABBE-45E7-8D99-B646821DEAB6}.Release|iPhone.Build.0 = Release|Any CPU
		{EBE7F2DC-ABBE-45E7-8D99-B646821DEAB6}.Release|iPhone.Deploy.0 = Release|Any CPU
		{EBE7F2DC-ABBE-45E7-8D99-B646821DEAB6}.Release|iPhoneSimulator.ActiveCfg = Release|Any CPU
		{EBE7F2DC-ABBE-45E7-8D99-B646821DEAB6}.Release|iPhoneSimulator.Build.0 = Release|Any CPU
		{EBE7F2DC-ABBE-45E7-8D99-B646821DEAB6}.Release|iPhoneSimulator.Deploy.0 = Release|Any CPU
		{65DB3E40-D0B0-4680-B8DB-35C1637F8F68}.Debug|Any CPU.ActiveCfg = Debug|iPhone
		{65DB3E40-D0B0-4680-B8DB-35C1637F8F68}.Debug|Any CPU.Build.0 = Debug|iPhone
		{65DB3E40-D0B0-4680-B8DB-35C1637F8F68}.Debug|Any CPU.Deploy.0 = Debug|iPhone
		{65DB3E40-D0B0-4680-B8DB-35C1637F8F68}.Debug|iPhone.ActiveCfg = Debug|iPhone
		{65DB3E40-D0B0-4680-B8DB-35C1637F8F68}.Debug|iPhone.Build.0 = Debug|iPhone
		{65DB3E40-D0B0-4680-B8DB-35C1637F8F68}.Debug|iPhone.Deploy.0 = Debug|iPhone
		{65DB3E40-D0B0-4680-B8DB-35C1637F8F68}.Debug|iPhoneSimulator.ActiveCfg = Debug|iPhoneSimulator
		{65DB3E40-D0B0-4680-B8DB-35C1637F8F68}.Debug|iPhoneSimulator.Build.0 = Debug|iPhoneSimulator
		{65DB3E40-D0B0-4680-B8DB-35C1637F8F68}.Debug|iPhoneSimulator.Deploy.0 = Debug|iPhoneSimulator
		{65DB3E40-D0B0-4680-B8DB-35C1637F8F68}.Release|Any CPU.ActiveCfg = Release|iPhone
		{65DB3E40-D0B0-4680-B8DB-35C1637F8F68}.Release|Any CPU.Build.0 = Release|iPhone
		{65DB3E40-D0B0-4680-B8DB-35C1637F8F68}.Release|Any CPU.Deploy.0 = Release|iPhone
		{65DB3E40-D0B0-4680-B8DB-35C1637F8F68}.Release|iPhone.ActiveCfg = Release|iPhone
		{65DB3E40-D0B0-4680-B8DB-35C1637F8F68}.Release|iPhone.Build.0 = Release|iPhone
		{65DB3E40-D0B0-4680-B8DB-35C1637F8F68}.Release|iPhone.Deploy.0 = Release|iPhone
		{65DB3E40-D0B0-4680-B8DB-35C1637F8F68}.Release|iPhoneSimulator.ActiveCfg = Release|iPhoneSimulator
		{65DB3E40-D0B0-4680-B8DB-35C1637F8F68}.Release|iPhoneSimulator.Build.0 = Release|iPhoneSimulator
		{65DB3E40-D0B0-4680-B8DB-35C1637F8F68}.Release|iPhoneSimulator.Deploy.0 = Release|iPhoneSimulator
		{04572359-EF6A-48E3-96E8-B8C57EFA0A22}.Debug|Any CPU.ActiveCfg = Debug|Any CPU
		{04572359-EF6A-48E3-96E8-B8C57EFA0A22}.Debug|Any CPU.Build.0 = Debug|Any CPU
		{04572359-EF6A-48E3-96E8-B8C57EFA0A22}.Debug|Any CPU.Deploy.0 = Debug|Any CPU
		{04572359-EF6A-48E3-96E8-B8C57EFA0A22}.Debug|iPhone.ActiveCfg = Debug|Any CPU
		{04572359-EF6A-48E3-96E8-B8C57EFA0A22}.Debug|iPhone.Build.0 = Debug|Any CPU
		{04572359-EF6A-48E3-96E8-B8C57EFA0A22}.Debug|iPhone.Deploy.0 = Debug|Any CPU
		{04572359-EF6A-48E3-96E8-B8C57EFA0A22}.Debug|iPhoneSimulator.ActiveCfg = Debug|Any CPU
		{04572359-EF6A-48E3-96E8-B8C57EFA0A22}.Debug|iPhoneSimulator.Build.0 = Debug|Any CPU
		{04572359-EF6A-48E3-96E8-B8C57EFA0A22}.Debug|iPhoneSimulator.Deploy.0 = Debug|Any CPU
		{04572359-EF6A-48E3-96E8-B8C57EFA0A22}.Release|Any CPU.ActiveCfg = Release|Any CPU
		{04572359-EF6A-48E3-96E8-B8C57EFA0A22}.Release|Any CPU.Build.0 = Release|Any CPU
		{04572359-EF6A-48E3-96E8-B8C57EFA0A22}.Release|Any CPU.Deploy.0 = Release|Any CPU
		{04572359-EF6A-48E3-96E8-B8C57EFA0A22}.Release|iPhone.ActiveCfg = Release|Any CPU
		{04572359-EF6A-48E3-96E8-B8C57EFA0A22}.Release|iPhone.Build.0 = Release|Any CPU
		{04572359-EF6A-48E3-96E8-B8C57EFA0A22}.Release|iPhone.Deploy.0 = Release|Any CPU
		{04572359-EF6A-48E3-96E8-B8C57EFA0A22}.Release|iPhoneSimulator.ActiveCfg = Release|Any CPU
		{04572359-EF6A-48E3-96E8-B8C57EFA0A22}.Release|iPhoneSimulator.Build.0 = Release|Any CPU
		{04572359-EF6A-48E3-96E8-B8C57EFA0A22}.Release|iPhoneSimulator.Deploy.0 = Release|Any CPU
	EndGlobalSection
	GlobalSection(SolutionProperties) = preSolution
		HideSolutionNode = FALSE
	EndGlobalSection
	GlobalSection(ExtensibilityGlobals) = postSolution
		SolutionGuid = {8A73F317-B89C-4BCC-96C8-53084B8FBEBD}
	EndGlobalSection
EndGlobal
